// !$*UTF8*$!
{
	archiveVersion = 1;
	classes = {
	};
	objectVersion = 50;
	objects = {

/* Begin PBXBuildFile section */
		190A8E9320C120FA00DCC6A1 /* AppDelegate.swift in Sources */ = {isa = PBXBuildFile; fileRef = 190A8E9220C120FA00DCC6A1 /* AppDelegate.swift */; };
		190A8E9520C120FA00DCC6A1 /* ViewController.swift in Sources */ = {isa = PBXBuildFile; fileRef = 190A8E9420C120FA00DCC6A1 /* ViewController.swift */; };
		190A8E9820C120FA00DCC6A1 /* Main.storyboard in Resources */ = {isa = PBXBuildFile; fileRef = 190A8E9620C120FA00DCC6A1 /* Main.storyboard */; };
		190A8E9A20C120FD00DCC6A1 /* Assets.xcassets in Resources */ = {isa = PBXBuildFile; fileRef = 190A8E9920C120FD00DCC6A1 /* Assets.xcassets */; };
		190A8E9D20C120FD00DCC6A1 /* LaunchScreen.storyboard in Resources */ = {isa = PBXBuildFile; fileRef = 190A8E9B20C120FD00DCC6A1 /* LaunchScreen.storyboard */; };
		190A8EA520C1211500DCC6A1 /* BaseNavigationViewController.swift in Sources */ = {isa = PBXBuildFile; fileRef = 190A8EA420C1211500DCC6A1 /* BaseNavigationViewController.swift */; };
		190A8EA720C1227700DCC6A1 /* TestViewController.swift in Sources */ = {isa = PBXBuildFile; fileRef = 190A8EA620C1227700DCC6A1 /* TestViewController.swift */; };
		190A8EA920C12A3A00DCC6A1 /* JXArticleFloatWindow.swift in Sources */ = {isa = PBXBuildFile; fileRef = 190A8EA820C12A3A00DCC6A1 /* JXArticleFloatWindow.swift */; };
		190A8FC720C5483500DCC6A1 /* JXArticleFloatRoundEntryView.swift in Sources */ = {isa = PBXBuildFile; fileRef = 190A8FC620C5483500DCC6A1 /* JXArticleFloatRoundEntryView.swift */; };
		190A8FC920C548AF00DCC6A1 /* JXArticleFloatCollectView.swift in Sources */ = {isa = PBXBuildFile; fileRef = 190A8FC820C548AF00DCC6A1 /* JXArticleFloatCollectView.swift */; };
		190A8FCB20C632C700DCC6A1 /* JXArticleFloatRoundEntryAnimator.swift in Sources */ = {isa = PBXBuildFile; fileRef = 190A8FCA20C632C700DCC6A1 /* JXArticleFloatRoundEntryAnimator.swift */; };
		190A8FCD20C77E1200DCC6A1 /* JXArticleFloatTabBarController.swift in Sources */ = {isa = PBXBuildFile; fileRef = 190A8FCC20C77E1200DCC6A1 /* JXArticleFloatTabBarController.swift */; };
/* End PBXBuildFile section */

/* Begin PBXFileReference section */
		190A8E8F20C120FA00DCC6A1 /* JXWeChatFloatView.app */ = {isa = PBXFileReference; explicitFileType = wrapper.application; includeInIndex = 0; path = JXWeChatFloatView.app; sourceTree = BUILT_PRODUCTS_DIR; };
		190A8E9220C120FA00DCC6A1 /* AppDelegate.swift */ = {isa = PBXFileReference; lastKnownFileType = sourcecode.swift; path = AppDelegate.swift; sourceTree = "<group>"; };
		190A8E9420C120FA00DCC6A1 /* ViewController.swift */ = {isa = PBXFileReference; lastKnownFileType = sourcecode.swift; path = ViewController.swift; sourceTree = "<group>"; };
		190A8E9720C120FA00DCC6A1 /* Base */ = {isa = PBXFileReference; lastKnownFileType = file.storyboard; name = Base; path = Base.lproj/Main.storyboard; sourceTree = "<group>"; };
		190A8E9920C120FD00DCC6A1 /* Assets.xcassets */ = {isa = PBXFileReference; lastKnownFileType = folder.assetcatalog; path = Assets.xcassets; sourceTree = "<group>"; };
		190A8E9C20C120FD00DCC6A1 /* Base */ = {isa = PBXFileReference; lastKnownFileType = file.storyboard; name = Base; path = Base.lproj/LaunchScreen.storyboard; sourceTree = "<group>"; };
		190A8E9E20C120FD00DCC6A1 /* Info.plist */ = {isa = PBXFileReference; lastKnownFileType = text.plist.xml; path = Info.plist; sourceTree = "<group>"; };
		190A8EA420C1211500DCC6A1 /* BaseNavigationViewController.swift */ = {isa = PBXFileReference; lastKnownFileType = sourcecode.swift; path = BaseNavigationViewController.swift; sourceTree = "<group>"; };
		190A8EA620C1227700DCC6A1 /* TestViewController.swift */ = {isa = PBXFileReference; lastKnownFileType = sourcecode.swift; path = TestViewController.swift; sourceTree = "<group>"; };
		190A8EA820C12A3A00DCC6A1 /* JXArticleFloatWindow.swift */ = {isa = PBXFileReference; lastKnownFileType = sourcecode.swift; path = JXArticleFloatWindow.swift; sourceTree = "<group>"; };
		190A8FC620C5483500DCC6A1 /* JXArticleFloatRoundEntryView.swift */ = {isa = PBXFileReference; lastKnownFileType = sourcecode.swift; path = JXArticleFloatRoundEntryView.swift; sourceTree = "<group>"; };
		190A8FC820C548AF00DCC6A1 /* JXArticleFloatCollectView.swift */ = {isa = PBXFileReference; lastKnownFileType = sourcecode.swift; path = JXArticleFloatCollectView.swift; sourceTree = "<group>"; };
		190A8FCA20C632C700DCC6A1 /* JXArticleFloatRoundEntryAnimator.swift */ = {isa = PBXFileReference; lastKnownFileType = sourcecode.swift; path = JXArticleFloatRoundEntryAnimator.swift; sourceTree = "<group>"; };
		190A8FCC20C77E1200DCC6A1 /* JXArticleFloatTabBarController.swift */ = {isa = PBXFileReference; lastKnownFileType = sourcecode.swift; path = JXArticleFloatTabBarController.swift; sourceTree = "<group>"; };
/* End PBXFileReference section */

/* Begin PBXFrameworksBuildPhase section */
		190A8E8C20C120FA00DCC6A1 /* Frameworks */ = {
			isa = PBXFrameworksBuildPhase;
			buildActionMask = 2147483647;
			files = (
			);
			runOnlyForDeploymentPostprocessing = 0;
		};
/* End PBXFrameworksBuildPhase section */

/* Begin PBXGroup section */
		190A8E8620C120FA00DCC6A1 = {
			isa = PBXGroup;
			children = (
				190A8E9120C120FA00DCC6A1 /* JXWeChatFloatView */,
				190A8E9020C120FA00DCC6A1 /* Products */,
			);
			sourceTree = "<group>";
		};
		190A8E9020C120FA00DCC6A1 /* Products */ = {
			isa = PBXGroup;
			children = (
				190A8E8F20C120FA00DCC6A1 /* JXWeChatFloatView.app */,
			);
			name = Products;
			sourceTree = "<group>";
		};
		190A8E9120C120FA00DCC6A1 /* JXWeChatFloatView */ = {
			isa = PBXGroup;
			children = (
				190A8E9220C120FA00DCC6A1 /* AppDelegate.swift */,
				190A8EA420C1211500DCC6A1 /* BaseNavigationViewController.swift */,
				190A8EA820C12A3A00DCC6A1 /* JXArticleFloatWindow.swift */,
				190A8FC620C5483500DCC6A1 /* JXArticleFloatRoundEntryView.swift */,
				190A8FCA20C632C700DCC6A1 /* JXArticleFloatRoundEntryAnimator.swift */,
				190A8FC820C548AF00DCC6A1 /* JXArticleFloatCollectView.swift */,
				190A8FCC20C77E1200DCC6A1 /* JXArticleFloatTabBarController.swift */,
				190A8E9420C120FA00DCC6A1 /* ViewController.swift */,
				190A8EA620C1227700DCC6A1 /* TestViewController.swift */,
				190A8E9620C120FA00DCC6A1 /* Main.storyboard */,
				190A8E9920C120FD00DCC6A1 /* Assets.xcassets */,
				190A8E9B20C120FD00DCC6A1 /* LaunchScreen.storyboard */,
				190A8E9E20C120FD00DCC6A1 /* Info.plist */,
			);
			path = JXWeChatFloatView;
			sourceTree = "<group>";
		};
/* End PBXGroup section */

/* Begin PBXNativeTarget section */
		190A8E8E20C120FA00DCC6A1 /* JXWeChatFloatView */ = {
			isa = PBXNativeTarget;
			buildConfigurationList = 190A8EA120C120FD00DCC6A1 /* Build configuration list for PBXNativeTarget "JXWeChatFloatView" */;
			buildPhases = (
				190A8E8B20C120FA00DCC6A1 /* Sources */,
				190A8E8C20C120FA00DCC6A1 /* Frameworks */,
				190A8E8D20C120FA00DCC6A1 /* Resources */,
			);
			buildRules = (
			);
			dependencies = (
			);
			name = JXWeChatFloatView;
			productName = JXWeChatFloatView;
			productReference = 190A8E8F20C120FA00DCC6A1 /* JXWeChatFloatView.app */;
			productType = "com.apple.product-type.application";
		};
/* End PBXNativeTarget section */

/* Begin PBXProject section */
		190A8E8720C120FA00DCC6A1 /* Project object */ = {
			isa = PBXProject;
			attributes = {
				LastSwiftUpdateCheck = 0940;
				LastUpgradeCheck = 0940;
				ORGANIZATIONNAME = jiaxin;
				TargetAttributes = {
					190A8E8E20C120FA00DCC6A1 = {
						CreatedOnToolsVersion = 9.4;
					};
				};
			};
			buildConfigurationList = 190A8E8A20C120FA00DCC6A1 /* Build configuration list for PBXProject "JXWeChatFloatView" */;
			compatibilityVersion = "Xcode 9.3";
			developmentRegion = en;
			hasScannedForEncodings = 0;
			knownRegions = (
				en,
				Base,
			);
			mainGroup = 190A8E8620C120FA00DCC6A1;
			productRefGroup = 190A8E9020C120FA00DCC6A1 /* Products */;
			projectDirPath = "";
			projectRoot = "";
			targets = (
				190A8E8E20C120FA00DCC6A1 /* JXWeChatFloatView */,
			);
		};
/* End PBXProject section */

/* Begin PBXResourcesBuildPhase section */
		190A8E8D20C120FA00DCC6A1 /* Resources */ = {
			isa = PBXResourcesBuildPhase;
			buildActionMask = 2147483647;
			files = (
				190A8E9D20C120FD00DCC6A1 /* LaunchScreen.storyboard in Resources */,
				190A8E9A20C120FD00DCC6A1 /* Assets.xcassets in Resources */,
				190A8E9820C120FA00DCC6A1 /* Main.storyboard in Resources */,
			);
			runOnlyForDeploymentPostprocessing = 0;
		};
/* End PBXResourcesBuildPhase section */

/* Begin PBXSourcesBuildPhase section */
		190A8E8B20C120FA00DCC6A1 /* Sources */ = {
			isa = PBXSourcesBuildPhase;
			buildActionMask = 2147483647;
			files = (
				190A8FCD20C77E1200DCC6A1 /* JXArticleFloatTabBarController.swift in Sources */,
				190A8EA520C1211500DCC6A1 /* BaseNavigationViewController.swift in Sources */,
				190A8EA920C12A3A00DCC6A1 /* JXArticleFloatWindow.swift in Sources */,
				190A8FCB20C632C700DCC6A1 /* JXArticleFloatRoundEntryAnimator.swift in Sources */,
				190A8FC720C5483500DCC6A1 /* JXArticleFloatRoundEntryView.swift in Sources */,
				190A8E9520C120FA00DCC6A1 /* ViewController.swift in Sources */,
				190A8EA720C1227700DCC6A1 /* TestViewController.swift in Sources */,
				190A8E9320C120FA00DCC6A1 /* AppDelegate.swift in Sources */,
				190A8FC920C548AF00DCC6A1 /* JXArticleFloatCollectView.swift in Sources */,
			);
			runOnlyForDeploymentPostprocessing = 0;
		};
/* End PBXSourcesBuildPhase section */

/* Begin PBXVariantGroup section */
		190A8E9620C120FA00DCC6A1 /* Main.storyboard */ = {
			isa = PBXVariantGroup;
			children = (
				190A8E9720C120FA00DCC6A1 /* Base */,
			);
			name = Main.storyboard;
			sourceTree = "<group>";
		};
		190A8E9B20C120FD00DCC6A1 /* LaunchScreen.storyboard */ = {
			isa = PBXVariantGroup;
			children = (
				190A8E9C20C120FD00DCC6A1 /* Base */,
			);
			name = LaunchScreen.storyboard;
			sourceTree = "<group>";
		};
/* End PBXVariantGroup section */

/* Begin XCBuildConfiguration section */
		190A8E9F20C120FD00DCC6A1 /* Debug */ = {
			isa = XCBuildConfiguration;
			buildSettings = {
				ALWAYS_SEARCH_USER_PATHS = NO;
				CLANG_ANALYZER_NONNULL = YES;
				CLANG_ANALYZER_NUMBER_OBJECT_CONVERSION = YES_AGGRESSIVE;
				CLANG_CXX_LANGUAGE_STANDARD = "gnu++14";
				CLANG_CXX_LIBRARY = "libc++";
				CLANG_ENABLE_MODULES = YES;
				CLANG_ENABLE_OBJC_ARC = YES;
				CLANG_ENABLE_OBJC_WEAK = YES;
				CLANG_WARN_BLOCK_CAPTURE_AUTORELEASING = YES;
				CLANG_WARN_BOOL_CONVERSION = YES;
				CLANG_WARN_COMMA = YES;
				CLANG_WARN_CONSTANT_CONVERSION = YES;
				CLANG_WARN_DEPRECATED_OBJC_IMPLEMENTATIONS = YES;
				CLANG_WARN_DIRECT_OBJC_ISA_USAGE = YES_ERROR;
				CLANG_WARN_DOCUMENTATION_COMMENTS = YES;
				CLANG_WARN_EMPTY_BODY = YES;
				CLANG_WARN_ENUM_CONVERSION = YES;
				CLANG_WARN_INFINITE_RECURSION = YES;
				CLANG_WARN_INT_CONVERSION = YES;
				CLANG_WARN_NON_LITERAL_NULL_CONVERSION = YES;
				CLANG_WARN_OBJC_IMPLICIT_RETAIN_SELF = YES;
				CLANG_WARN_OBJC_LITERAL_CONVERSION = YES;
				CLANG_WARN_OBJC_ROOT_CLASS = YES_ERROR;
				CLANG_WARN_RANGE_LOOP_ANALYSIS = YES;
				CLANG_WARN_STRICT_PROTOTYPES = YES;
				CLANG_WARN_SUSPICIOUS_MOVE = YES;
				CLANG_WARN_UNGUARDED_AVAILABILITY = YES_AGGRESSIVE;
				CLANG_WARN_UNREACHABLE_CODE = YES;
				CLANG_WARN__DUPLICATE_METHOD_MATCH = YES;
				CODE_SIGN_IDENTITY = "iPhone Developer";
				COPY_PHASE_STRIP = NO;
				DEBUG_INFORMATION_FORMAT = dwarf;
				ENABLE_STRICT_OBJC_MSGSEND = YES;
				ENABLE_TESTABILITY = YES;
				GCC_C_LANGUAGE_STANDARD = gnu11;
				GCC_DYNAMIC_NO_PIC = NO;
				GCC_NO_COMMON_BLOCKS = YES;
				GCC_OPTIMIZATION_LEVEL = 0;
				GCC_PREPROCESSOR_DEFINITIONS = (
					"DEBUG=1",
					"$(inherited)",
				);
				GCC_WARN_64_TO_32_BIT_CONVERSION = YES;
				GCC_WARN_ABOUT_RETURN_TYPE = YES_ERROR;
				GCC_WARN_UNDECLARED_SELECTOR = YES;
				GCC_WARN_UNINITIALIZED_AUTOS = YES_AGGRESSIVE;
				GCC_WARN_UNUSED_FUNCTION = YES;
				GCC_WARN_UNUSED_VARIABLE = YES;
				IPHONEOS_DEPLOYMENT_TARGET = 11.4;
				MTL_ENABLE_DEBUG_INFO = YES;
				ONLY_ACTIVE_ARCH = YES;
				SDKROOT = iphoneos;
				SWIFT_ACTIVE_COMPILATION_CONDITIONS = DEBUG;
				SWIFT_OPTIMIZATION_LEVEL = "-Onone";
			};
			name = Debug;
		};
		190A8EA020C120FD00DCC6A1 /* Release */ = {
			isa = XCBuildConfiguration;
			buildSettings = {
				ALWAYS_SEARCH_USER_PATHS = NO;
				CLANG_ANALYZER_NONNULL = YES;
				CLANG_ANALYZER_NUMBER_OBJECT_CONVERSION = YES_AGGRESSIVE;
				CLANG_CXX_LANGUAGE_STANDARD = "gnu++14";
				CLANG_CXX_LIBRARY = "libc++";
				CLANG_ENABLE_MODULES = YES;
				CLANG_ENABLE_OBJC_ARC = YES;
				CLANG_ENABLE_OBJC_WEAK = YES;
				CLANG_WARN_BLOCK_CAPTURE_AUTORELEASING = YES;
				CLANG_WARN_BOOL_CONVERSION = YES;
				CLANG_WARN_COMMA = YES;
				CLANG_WARN_CONSTANT_CONVERSION = YES;
				CLANG_WARN_DEPRECATED_OBJC_IMPLEMENTATIONS = YES;
				CLANG_WARN_DIRECT_OBJC_ISA_USAGE = YES_ERROR;
				CLANG_WARN_DOCUMENTATION_COMMENTS = YES;
				CLANG_WARN_EMPTY_BODY = YES;
				CLANG_WARN_ENUM_CONVERSION = YES;
				CLANG_WARN_INFINITE_RECURSION = YES;
				CLANG_WARN_INT_CONVERSION = YES;
				CLANG_WARN_NON_LITERAL_NULL_CONVERSION = YES;
				CLANG_WARN_OBJC_IMPLICIT_RETAIN_SELF = YES;
				CLANG_WARN_OBJC_LITERAL_CONVERSION = YES;
				CLANG_WARN_OBJC_ROOT_CLASS = YES_ERROR;
				CLANG_WARN_RANGE_LOOP_ANALYSIS = YES;
				CLANG_WARN_STRICT_PROTOTYPES = YES;
				CLANG_WARN_SUSPICIOUS_MOVE = YES;
				CLANG_WARN_UNGUARDED_AVAILABILITY = YES_AGGRESSIVE;
				CLANG_WARN_UNREACHABLE_CODE = YES;
				CLANG_WARN__DUPLICATE_METHOD_MATCH = YES;
				CODE_SIGN_IDENTITY = "iPhone Developer";
				COPY_PHASE_STRIP = NO;
				DEBUG_INFORMATION_FORMAT = "dwarf-with-dsym";
				ENABLE_NS_ASSERTIONS = NO;
				ENABLE_STRICT_OBJC_MSGSEND = YES;
				GCC_C_LANGUAGE_STANDARD = gnu11;
				GCC_NO_COMMON_BLOCKS = YES;
				GCC_WARN_64_TO_32_BIT_CONVERSION = YES;
				GCC_WARN_ABOUT_RETURN_TYPE = YES_ERROR;
				GCC_WARN_UNDECLARED_SELECTOR = YES;
				GCC_WARN_UNINITIALIZED_AUTOS = YES_AGGRESSIVE;
				GCC_WARN_UNUSED_FUNCTION = YES;
				GCC_WARN_UNUSED_VARIABLE = YES;
				IPHONEOS_DEPLOYMENT_TARGET = 11.4;
				MTL_ENABLE_DEBUG_INFO = NO;
				SDKROOT = iphoneos;
				SWIFT_COMPILATION_MODE = wholemodule;
				SWIFT_OPTIMIZATION_LEVEL = "-O";
				VALIDATE_PRODUCT = YES;
			};
			name = Release;
		};
		190A8EA220C120FD00DCC6A1 /* Debug */ = {
			isa = XCBuildConfiguration;
			buildSettings = {
				ASSETCATALOG_COMPILER_APPICON_NAME = AppIcon;
				CODE_SIGN_STYLE = Automatic;
				DEVELOPMENT_TEAM = 6Y4565ARQY;
				INFOPLIST_FILE = JXWeChatFloatView/Info.plist;
				IPHONEOS_DEPLOYMENT_TARGET = 9.0;
				LD_RUNPATH_SEARCH_PATHS = (
					"$(inherited)",
					"@executable_path/Frameworks",
				);
				PRODUCT_BUNDLE_IDENTIFIER = com.jiaxin.JXWeChatFloatView.33;
				PRODUCT_NAME = "$(TARGET_NAME)";
				SWIFT_VERSION = 4.0;
				TARGETED_DEVICE_FAMILY = "1,2";
			};
			name = Debug;
		};
		190A8EA320C120FD00DCC6A1 /* Release */ = {
			isa = XCBuildConfiguration;
			buildSettings = {
				ASSETCATALOG_COMPILER_APPICON_NAME = AppIcon;
				CODE_SIGN_STYLE = Automatic;
				DEVELOPMENT_TEAM = 6Y4565ARQY;
				INFOPLIST_FILE = JXWeChatFloatView/Info.plist;
				IPHONEOS_DEPLOYMENT_TARGET = 9.0;
				LD_RUNPATH_SEARCH_PATHS = (
					"$(inherited)",
					"@executable_path/Frameworks",
				);
				PRODUCT_BUNDLE_IDENTIFIER = com.jiaxin.JXWeChatFloatView.33;
				PRODUCT_NAME = "$(TARGET_NAME)";
				SWIFT_VERSION = 4.0;
				TARGETED_DEVICE_FAMILY = "1,2";
			};
			name = Release;
		};
/* End XCBuildConfiguration section */

/* Begin XCConfigurationList section */
		190A8E8A20C120FA00DCC6A1 /* Build configuration list for PBXProject "JXWeChatFloatView" */ = {
			isa = XCConfigurationList;
			buildConfigurations = (
				190A8E9F20C120FD00DCC6A1 /* Debug */,
				190A8EA020C120FD00DCC6A1 /* Release */,
			);
			defaultConfigurationIsVisible = 0;
			defaultConfigurationName = Release;
		};
		190A8EA120C120FD00DCC6A1 /* Build configuration list for PBXNativeTarget "JXWeChatFloatView" */ = {
			isa = XCConfigurationList;
			buildConfigurations = (
				190A8EA220C120FD00DCC6A1 /* Debug */,
				190A8EA320C120FD00DCC6A1 /* Release */,
			);
			defaultConfigurationIsVisible = 0;
			defaultConfigurationName = Release;
		};
/* End XCConfigurationList section */
	};
	rootObject = 190A8E8720C120FA00DCC6A1 /* Project object */;
}
